// !$*UTF8*$!
{
	archiveVersion = 1;
	classes = {
	};
	objectVersion = 56;
	objects = {

/* Begin PBXBuildFile section */
		84C7501B2A31119400873655 /* CustomVideoPlayerApp.swift in Sources */ = {isa = PBXBuildFile; fileRef = 84C7501A2A31119400873655 /* CustomVideoPlayerApp.swift */; };
		84C7501D2A31119400873655 /* ContentView.swift in Sources */ = {isa = PBXBuildFile; fileRef = 84C7501C2A31119400873655 /* ContentView.swift */; };
		84C7501F2A31119500873655 /* Assets.xcassets in Resources */ = {isa = PBXBuildFile; fileRef = 84C7501E2A31119500873655 /* Assets.xcassets */; };
		84C750222A31119600873655 /* Preview Assets.xcassets in Resources */ = {isa = PBXBuildFile; fileRef = 84C750212A31119600873655 /* Preview Assets.xcassets */; };
		84C750292A31194800873655 /* Korn.mp4 in Resources */ = {isa = PBXBuildFile; fileRef = 84C750282A31194800873655 /* Korn.mp4 */; };
		84C7502D2A311CDC00873655 /* Home.swift in Sources */ = {isa = PBXBuildFile; fileRef = 84C7502C2A311CDC00873655 /* Home.swift */; };
		84C7502F2A311F8F00873655 /* CustomVideoPlayer.swift in Sources */ = {isa = PBXBuildFile; fileRef = 84C7502E2A311F8F00873655 /* CustomVideoPlayer.swift */; };
		D327299F2A328872002E7D71 /* CMTime+Extensions.swift in Sources */ = {isa = PBXBuildFile; fileRef = D327299E2A328872002E7D71 /* CMTime+Extensions.swift */; };
		D376DF682A324FF600B88FCA /* DoubleTapSeek.swift in Sources */ = {isa = PBXBuildFile; fileRef = D376DF672A324FF600B88FCA /* DoubleTapSeek.swift */; };
/* End PBXBuildFile section */

/* Begin PBXFileReference section */
		84C750172A31119400873655 /* CustomVideoPlayer.app */ = {isa = PBXFileReference; explicitFileType = wrapper.application; includeInIndex = 0; path = CustomVideoPlayer.app; sourceTree = BUILT_PRODUCTS_DIR; };
		84C7501A2A31119400873655 /* CustomVideoPlayerApp.swift */ = {isa = PBXFileReference; lastKnownFileType = sourcecode.swift; path = CustomVideoPlayerApp.swift; sourceTree = "<group>"; };
		84C7501C2A31119400873655 /* ContentView.swift */ = {isa = PBXFileReference; lastKnownFileType = sourcecode.swift; path = ContentView.swift; sourceTree = "<group>"; };
		84C7501E2A31119500873655 /* Assets.xcassets */ = {isa = PBXFileReference; lastKnownFileType = folder.assetcatalog; path = Assets.xcassets; sourceTree = "<group>"; };
		84C750212A31119600873655 /* Preview Assets.xcassets */ = {isa = PBXFileReference; lastKnownFileType = folder.assetcatalog; path = "Preview Assets.xcassets"; sourceTree = "<group>"; };
		84C750282A31194800873655 /* Korn.mp4 */ = {isa = PBXFileReference; lastKnownFileType = file; path = Korn.mp4; sourceTree = "<group>"; };
		84C7502C2A311CDC00873655 /* Home.swift */ = {isa = PBXFileReference; lastKnownFileType = sourcecode.swift; path = Home.swift; sourceTree = "<group>"; };
		84C7502E2A311F8F00873655 /* CustomVideoPlayer.swift */ = {isa = PBXFileReference; lastKnownFileType = sourcecode.swift; path = CustomVideoPlayer.swift; sourceTree = "<group>"; };
		D327299E2A328872002E7D71 /* CMTime+Extensions.swift */ = {isa = PBXFileReference; lastKnownFileType = sourcecode.swift; path = "CMTime+Extensions.swift"; sourceTree = "<group>"; };
		D376DF672A324FF600B88FCA /* DoubleTapSeek.swift */ = {isa = PBXFileReference; lastKnownFileType = sourcecode.swift; path = DoubleTapSeek.swift; sourceTree = "<group>"; };
/* End PBXFileReference section */

/* Begin PBXFrameworksBuildPhase section */
		84C750142A31119400873655 /* Frameworks */ = {
			isa = PBXFrameworksBuildPhase;
			buildActionMask = 2147483647;
			files = (
			);
			runOnlyForDeploymentPostprocessing = 0;
		};
/* End PBXFrameworksBuildPhase section */

/* Begin PBXGroup section */
		84C7500E2A31119400873655 = {
			isa = PBXGroup;
			children = (
				84C750282A31194800873655 /* Korn.mp4 */,
				84C750192A31119400873655 /* CustomVideoPlayer */,
				84C750182A31119400873655 /* Products */,
			);
			sourceTree = "<group>";
		};
		84C750182A31119400873655 /* Products */ = {
			isa = PBXGroup;
			children = (
				84C750172A31119400873655 /* CustomVideoPlayer.app */,
			);
			name = Products;
			sourceTree = "<group>";
		};
		84C750192A31119400873655 /* CustomVideoPlayer */ = {
			isa = PBXGroup;
			children = (
				84C7502B2A311CA000873655 /* Helpers */,
				84C7502A2A311C9200873655 /* View */,
				84C7501A2A31119400873655 /* CustomVideoPlayerApp.swift */,
				84C7501C2A31119400873655 /* ContentView.swift */,
				84C7501E2A31119500873655 /* Assets.xcassets */,
				84C750202A31119600873655 /* Preview Content */,
			);
			path = CustomVideoPlayer;
			sourceTree = "<group>";
		};
		84C750202A31119600873655 /* Preview Content */ = {
			isa = PBXGroup;
			children = (
				84C750212A31119600873655 /* Preview Assets.xcassets */,
			);
			path = "Preview Content";
			sourceTree = "<group>";
		};
		84C7502A2A311C9200873655 /* View */ = {
			isa = PBXGroup;
			children = (
				84C7502C2A311CDC00873655 /* Home.swift */,
				84C7502E2A311F8F00873655 /* CustomVideoPlayer.swift */,
				D376DF672A324FF600B88FCA /* DoubleTapSeek.swift */,
			);
			path = View;
			sourceTree = "<group>";
		};
		84C7502B2A311CA000873655 /* Helpers */ = {
			isa = PBXGroup;
			children = (
				D327299E2A328872002E7D71 /* CMTime+Extensions.swift */,
			);
			path = Helpers;
			sourceTree = "<group>";
		};
/* End PBXGroup section */

/* Begin PBXNativeTarget section */
		84C750162A31119400873655 /* CustomVideoPlayer */ = {
			isa = PBXNativeTarget;
			buildConfigurationList = 84C750252A31119600873655 /* Build configuration list for PBXNativeTarget "CustomVideoPlayer" */;
			buildPhases = (
				84C750132A31119400873655 /* Sources */,
				84C750142A31119400873655 /* Frameworks */,
				84C750152A31119400873655 /* Resources */,
			);
			buildRules = (
			);
			dependencies = (
			);
			name = CustomVideoPlayer;
			productName = CustomVideoPlayer;
			productReference = 84C750172A31119400873655 /* CustomVideoPlayer.app */;
			productType = "com.apple.product-type.application";
		};
/* End PBXNativeTarget section */

/* Begin PBXProject section */
		84C7500F2A31119400873655 /* Project object */ = {
			isa = PBXProject;
			attributes = {
				BuildIndependentTargetsInParallel = 1;
				LastSwiftUpdateCheck = 1420;
				LastUpgradeCheck = 1420;
				TargetAttributes = {
					84C750162A31119400873655 = {
						CreatedOnToolsVersion = 14.2;
					};
				};
			};
			buildConfigurationList = 84C750122A31119400873655 /* Build configuration list for PBXProject "CustomVideoPlayer" */;
			compatibilityVersion = "Xcode 14.0";
			developmentRegion = en;
			hasScannedForEncodings = 0;
			knownRegions = (
				en,
				Base,
			);
			mainGroup = 84C7500E2A31119400873655;
			productRefGroup = 84C750182A31119400873655 /* Products */;
			projectDirPath = "";
			projectRoot = "";
			targets = (
				84C750162A31119400873655 /* CustomVideoPlayer */,
			);
		};
/* End PBXProject section */

/* Begin PBXResourcesBuildPhase section */
		84C750152A31119400873655 /* Resources */ = {
			isa = PBXResourcesBuildPhase;
			buildActionMask = 2147483647;
			files = (
				84C750292A31194800873655 /* Korn.mp4 in Resources */,
				84C750222A31119600873655 /* Preview Assets.xcassets in Resources */,
				84C7501F2A31119500873655 /* Assets.xcassets in Resources */,
			);
			runOnlyForDeploymentPostprocessing = 0;
		};
/* End PBXResourcesBuildPhase section */

/* Begin PBXSourcesBuildPhase section */
		84C750132A31119400873655 /* Sources */ = {
			isa = PBXSourcesBuildPhase;
			buildActionMask = 2147483647;
			files = (
				D327299F2A328872002E7D71 /* CMTime+Extensions.swift in Sources */,
				D376DF682A324FF600B88FCA /* DoubleTapSeek.swift in Sources */,
				84C7501D2A31119400873655 /* ContentView.swift in Sources */,
				84C7502F2A311F8F00873655 /* CustomVideoPlayer.swift in Sources */,
				84C7502D2A311CDC00873655 /* Home.swift in Sources */,
				84C7501B2A31119400873655 /* CustomVideoPlayerApp.swift in Sources */,
			);
			runOnlyForDeploymentPostprocessing = 0;
		};
/* End PBXSourcesBuildPhase section */

/* Begin XCBuildConfiguration section */
		84C750232A31119600873655 /* Debug */ = {
			isa = XCBuildConfiguration;
			buildSettings = {
				ALWAYS_SEARCH_USER_PATHS = NO;
				CLANG_ANALYZER_NONNULL = YES;
				CLANG_ANALYZER_NUMBER_OBJECT_CONVERSION = YES_AGGRESSIVE;
				CLANG_CXX_LANGUAGE_STANDARD = "gnu++20";
				CLANG_ENABLE_MODULES = YES;
				CLANG_ENABLE_OBJC_ARC = YES;
				CLANG_ENABLE_OBJC_WEAK = YES;
				CLANG_WARN_BLOCK_CAPTURE_AUTORELEASING = YES;
				CLANG_WARN_BOOL_CONVERSION = YES;
				CLANG_WARN_COMMA = YES;
				CLANG_WARN_CONSTANT_CONVERSION = YES;
				CLANG_WARN_DEPRECATED_OBJC_IMPLEMENTATIONS = YES;
				CLANG_WARN_DIRECT_OBJC_ISA_USAGE = YES_ERROR;
				CLANG_WARN_DOCUMENTATION_COMMENTS = YES;
				CLANG_WARN_EMPTY_BODY = YES;
				CLANG_WARN_ENUM_CONVERSION = YES;
				CLANG_WARN_INFINITE_RECURSION = YES;
				CLANG_WARN_INT_CONVERSION = YES;
				CLANG_WARN_NON_LITERAL_NULL_CONVERSION = YES;
				CLANG_WARN_OBJC_IMPLICIT_RETAIN_SELF = YES;
				CLANG_WARN_OBJC_LITERAL_CONVERSION = YES;
				CLANG_WARN_OBJC_ROOT_CLASS = YES_ERROR;
				CLANG_WARN_QUOTED_INCLUDE_IN_FRAMEWORK_HEADER = YES;
				CLANG_WARN_RANGE_LOOP_ANALYSIS = YES;
				CLANG_WARN_STRICT_PROTOTYPES = YES;
				CLANG_WARN_SUSPICIOUS_MOVE = YES;
				CLANG_WARN_UNGUARDED_AVAILABILITY = YES_AGGRESSIVE;
				CLANG_WARN_UNREACHABLE_CODE = YES;
				CLANG_WARN__DUPLICATE_METHOD_MATCH = YES;
				COPY_PHASE_STRIP = NO;
				DEBUG_INFORMATION_FORMAT = dwarf;
				ENABLE_STRICT_OBJC_MSGSEND = YES;
				ENABLE_TESTABILITY = YES;
				GCC_C_LANGUAGE_STANDARD = gnu11;
				GCC_DYNAMIC_NO_PIC = NO;
				GCC_NO_COMMON_BLOCKS = YES;
				GCC_OPTIMIZATION_LEVEL = 0;
				GCC_PREPROCESSOR_DEFINITIONS = (
					"DEBUG=1",
					"$(inherited)",
				);
				GCC_WARN_64_TO_32_BIT_CONVERSION = YES;
				GCC_WARN_ABOUT_RETURN_TYPE = YES_ERROR;
				GCC_WARN_UNDECLARED_SELECTOR = YES;
				GCC_WARN_UNINITIALIZED_AUTOS = YES_AGGRESSIVE;
				GCC_WARN_UNUSED_FUNCTION = YES;
				GCC_WARN_UNUSED_VARIABLE = YES;
				IPHONEOS_DEPLOYMENT_TARGET = 16.2;
				MTL_ENABLE_DEBUG_INFO = INCLUDE_SOURCE;
				MTL_FAST_MATH = YES;
				ONLY_ACTIVE_ARCH = YES;
				SDKROOT = iphoneos;
				SWIFT_ACTIVE_COMPILATION_CONDITIONS = DEBUG;
				SWIFT_OPTIMIZATION_LEVEL = "-Onone";
			};
			name = Debug;
		};
		84C750242A31119600873655 /* Release */ = {
			isa = XCBuildConfiguration;
			buildSettings = {
				ALWAYS_SEARCH_USER_PATHS = NO;
				CLANG_ANALYZER_NONNULL = YES;
				CLANG_ANALYZER_NUMBER_OBJECT_CONVERSION = YES_AGGRESSIVE;
				CLANG_CXX_LANGUAGE_STANDARD = "gnu++20";
				CLANG_ENABLE_MODULES = YES;
				CLANG_ENABLE_OBJC_ARC = YES;
				CLANG_ENABLE_OBJC_WEAK = YES;
				CLANG_WARN_BLOCK_CAPTURE_AUTORELEASING = YES;
				CLANG_WARN_BOOL_CONVERSION = YES;
				CLANG_WARN_COMMA = YES;
				CLANG_WARN_CONSTANT_CONVERSION = YES;
				CLANG_WARN_DEPRECATED_OBJC_IMPLEMENTATIONS = YES;
				CLANG_WARN_DIRECT_OBJC_ISA_USAGE = YES_ERROR;
				CLANG_WARN_DOCUMENTATION_COMMENTS = YES;
				CLANG_WARN_EMPTY_BODY = YES;
				CLANG_WARN_ENUM_CONVERSION = YES;
				CLANG_WARN_INFINITE_RECURSION = YES;
				CLANG_WARN_INT_CONVERSION = YES;
				CLANG_WARN_NON_LITERAL_NULL_CONVERSION = YES;
				CLANG_WARN_OBJC_IMPLICIT_RETAIN_SELF = YES;
				CLANG_WARN_OBJC_LITERAL_CONVERSION = YES;
				CLANG_WARN_OBJC_ROOT_CLASS = YES_ERROR;
				CLANG_WARN_QUOTED_INCLUDE_IN_FRAMEWORK_HEADER = YES;
				CLANG_WARN_RANGE_LOOP_ANALYSIS = YES;
				CLANG_WARN_STRICT_PROTOTYPES = YES;
				CLANG_WARN_SUSPICIOUS_MOVE = YES;
				CLANG_WARN_UNGUARDED_AVAILABILITY = YES_AGGRESSIVE;
				CLANG_WARN_UNREACHABLE_CODE = YES;
				CLANG_WARN__DUPLICATE_METHOD_MATCH = YES;
				COPY_PHASE_STRIP = NO;
				DEBUG_INFORMATION_FORMAT = "dwarf-with-dsym";
				ENABLE_NS_ASSERTIONS = NO;
				ENABLE_STRICT_OBJC_MSGSEND = YES;
				GCC_C_LANGUAGE_STANDARD = gnu11;
				GCC_NO_COMMON_BLOCKS = YES;
				GCC_WARN_64_TO_32_BIT_CONVERSION = YES;
				GCC_WARN_ABOUT_RETURN_TYPE = YES_ERROR;
				GCC_WARN_UNDECLARED_SELECTOR = YES;
				GCC_WARN_UNINITIALIZED_AUTOS = YES_AGGRESSIVE;
				GCC_WARN_UNUSED_FUNCTION = YES;
				GCC_WARN_UNUSED_VARIABLE = YES;
				IPHONEOS_DEPLOYMENT_TARGET = 16.2;
				MTL_ENABLE_DEBUG_INFO = NO;
				MTL_FAST_MATH = YES;
				SDKROOT = iphoneos;
				SWIFT_COMPILATION_MODE = wholemodule;
				SWIFT_OPTIMIZATION_LEVEL = "-O";
				VALIDATE_PRODUCT = YES;
			};
			name = Release;
		};
		84C750262A31119600873655 /* Debug */ = {
			isa = XCBuildConfiguration;
			buildSettings = {
				ASSETCATALOG_COMPILER_APPICON_NAME = AppIcon;
				ASSETCATALOG_COMPILER_GLOBAL_ACCENT_COLOR_NAME = AccentColor;
				CODE_SIGN_STYLE = Automatic;
				CURRENT_PROJECT_VERSION = 1;
				DEVELOPMENT_ASSET_PATHS = "\"CustomVideoPlayer/Preview Content\"";
				ENABLE_PREVIEWS = YES;
				GENERATE_INFOPLIST_FILE = YES;
				INFOPLIST_KEY_UIApplicationSceneManifest_Generation = YES;
				INFOPLIST_KEY_UIApplicationSupportsIndirectInputEvents = YES;
				INFOPLIST_KEY_UILaunchScreen_Generation = YES;
				INFOPLIST_KEY_UISupportedInterfaceOrientations_iPad = "UIInterfaceOrientationPortrait UIInterfaceOrientationPortraitUpsideDown UIInterfaceOrientationLandscapeLeft UIInterfaceOrientationLandscapeRight";
				INFOPLIST_KEY_UISupportedInterfaceOrientations_iPhone = "UIInterfaceOrientationPortrait UIInterfaceOrientationLandscapeLeft UIInterfaceOrientationLandscapeRight";
				IPHONEOS_DEPLOYMENT_TARGET = 16.2;
				LD_RUNPATH_SEARCH_PATHS = (
					"$(inherited)",
					"@executable_path/Frameworks",
				);
				MARKETING_VERSION = 1.0;
				PRODUCT_BUNDLE_IDENTIFIER = com.esteban.CustomVideoPlayer;
				PRODUCT_NAME = "$(TARGET_NAME)";
				SWIFT_EMIT_LOC_STRINGS = YES;
				SWIFT_VERSION = 5.0;
				TARGETED_DEVICE_FAMILY = "1,2";
			};
			name = Debug;
		};
		84C750272A31119600873655 /* Release */ = {
			isa = XCBuildConfiguration;
			buildSettings = {
				ASSETCATALOG_COMPILER_APPICON_NAME = AppIcon;
				ASSETCATALOG_COMPILER_GLOBAL_ACCENT_COLOR_NAME = AccentColor;
				CODE_SIGN_STYLE = Automatic;
				CURRENT_PROJECT_VERSION = 1;
				DEVELOPMENT_ASSET_PATHS = "\"CustomVideoPlayer/Preview Content\"";
				ENABLE_PREVIEWS = YES;
				GENERATE_INFOPLIST_FILE = YES;
				INFOPLIST_KEY_UIApplicationSceneManifest_Generation = YES;
				INFOPLIST_KEY_UIApplicationSupportsIndirectInputEvents = YES;
				INFOPLIST_KEY_UILaunchScreen_Generation = YES;
				INFOPLIST_KEY_UISupportedInterfaceOrientations_iPad = "UIInterfaceOrientationPortrait UIInterfaceOrientationPortraitUpsideDown UIInterfaceOrientationLandscapeLeft UIInterfaceOrientationLandscapeRight";
				INFOPLIST_KEY_UISupportedInterfaceOrientations_iPhone = "UIInterfaceOrientationPortrait UIInterfaceOrientationLandscapeLeft UIInterfaceOrientationLandscapeRight";
				IPHONEOS_DEPLOYMENT_TARGET = 16.2;
				LD_RUNPATH_SEARCH_PATHS = (
					"$(inherited)",
					"@executable_path/Frameworks",
				);
				MARKETING_VERSION = 1.0;
				PRODUCT_BUNDLE_IDENTIFIER = com.esteban.CustomVideoPlayer;
				PRODUCT_NAME = "$(TARGET_NAME)";
				SWIFT_EMIT_LOC_STRINGS = YES;
				SWIFT_VERSION = 5.0;
				TARGETED_DEVICE_FAMILY = "1,2";
			};
			name = Release;
		};
/* End XCBuildConfiguration section */

/* Begin XCConfigurationList section */
		84C750122A31119400873655 /* Build configuration list for PBXProject "CustomVideoPlayer" */ = {
			isa = XCConfigurationList;
			buildConfigurations = (
				84C750232A31119600873655 /* Debug */,
				84C750242A31119600873655 /* Release */,
			);
			defaultConfigurationIsVisible = 0;
			defaultConfigurationName = Release;
		};
		84C750252A31119600873655 /* Build configuration list for PBXNativeTarget "CustomVideoPlayer" */ = {
			isa = XCConfigurationList;
			buildConfigurations = (
				84C750262A31119600873655 /* Debug */,
				84C750272A31119600873655 /* Release */,
			);
			defaultConfigurationIsVisible = 0;
			defaultConfigurationName = Release;
		};
/* End XCConfigurationList section */
	};
	rootObject = 84C7500F2A31119400873655 /* Project object */;
}
